
Microsoft Visual Studio Solution File, Format Version 12.00
# Visual Studio Version 17
VisualStudioVersion = 17.1.32407.343
MinimumVisualStudioVersion = 10.0.40219.1
Project("{FAE04EC0-301F-11D3-BF4B-00C04F79EFBC}") = "UserComercial", "UserComercial\UserComercial.csproj", "{B80D1427-0928-41A7-B95D-1E3B70E8C642}"
EndProject
Global
	GlobalSection(SolutionConfigurationPlatforms) = preSolution
		Debug|Any CPU = Debug|Any CPU
		Release|Any CPU = Release|Any CPU
	EndGlobalSection
	GlobalSection(ProjectConfigurationPlatforms) = postSolution
		{B80D1427-0928-41A7-B95D-1E3B70E8C642}.Debug|Any CPU.ActiveCfg = Debug|Any CPU
		{B80D1427-0928-41A7-B95D-1E3B70E8C642}.Debug|Any CPU.Build.0 = Debug|Any CPU
		{B80D1427-0928-41A7-B95D-1E3B70E8C642}.Release|Any CPU.ActiveCfg = Release|Any CPU
		{B80D1427-0928-41A7-B95D-1E3B70E8C642}.Release|Any CPU.Build.0 = Release|Any CPU
	EndGlobalSection
	GlobalSection(SolutionProperties) = preSolution
		HideSolutionNode = FALSE
	EndGlobalSection
	GlobalSection(ExtensibilityGlobals) = postSolution
		SolutionGuid = {D78E8219-9E78-4F38-94D3-F9CF9CB0B123}
	EndGlobalSection
EndGlobal
